
Microsoft Visual Studio Solution File, Format Version 12.00
# Visual Studio Version 17
VisualStudioVersion = 17.13.35931.197
MinimumVisualStudioVersion = 10.0.40219.1
Project("{FAE04EC0-301F-11D3-BF4B-00C04F79EFBC}") = "BookStore.API", "BookStore.API\BookStore.API.csproj", "{63EA4DA3-2B8C-4309-A304-1082B8DE3077}"
EndProject
Project("{FAE04EC0-301F-11D3-BF4B-00C04F79EFBC}") = "BookStore.MVC", "BookStore.MVC\BookStore.MVC.csproj", "{F00D8E48-333C-4406-8F15-C3DEAAF1BF92}"
EndProject
Global
	GlobalSection(SolutionConfigurationPlatforms) = preSolution
		Debug|Any CPU = Debug|Any CPU
		Release|Any CPU = Release|Any CPU
	EndGlobalSection
	GlobalSection(ProjectConfigurationPlatforms) = postSolution
		{63EA4DA3-2B8C-4309-A304-1082B8DE3077}.Debug|Any CPU.ActiveCfg = Debug|Any CPU
		{63EA4DA3-2B8C-4309-A304-1082B8DE3077}.Debug|Any CPU.Build.0 = Debug|Any CPU
		{63EA4DA3-2B8C-4309-A304-1082B8DE3077}.Release|Any CPU.ActiveCfg = Release|Any CPU
		{63EA4DA3-2B8C-4309-A304-1082B8DE3077}.Release|Any CPU.Build.0 = Release|Any CPU
		{F00D8E48-333C-4406-8F15-C3DEAAF1BF92}.Debug|Any CPU.ActiveCfg = Debug|Any CPU
		{F00D8E48-333C-4406-8F15-C3DEAAF1BF92}.Debug|Any CPU.Build.0 = Debug|Any CPU
		{F00D8E48-333C-4406-8F15-C3DEAAF1BF92}.Release|Any CPU.ActiveCfg = Release|Any CPU
		{F00D8E48-333C-4406-8F15-C3DEAAF1BF92}.Release|Any CPU.Build.0 = Release|Any CPU
	EndGlobalSection
	GlobalSection(SolutionProperties) = preSolution
		HideSolutionNode = FALSE
	EndGlobalSection
	GlobalSection(ExtensibilityGlobals) = postSolution
		SolutionGuid = {5EED38E4-316C-4CE6-AF52-C555786C5E6B}
	EndGlobalSection
EndGlobal
